// !$*UTF8*$!
{
	archiveVersion = 1;
	classes = {
	};
	objectVersion = 46;
	objects = {

/* Begin PBXBuildFile section */
		4F20E6A91F07A6B100237592 /* LoginTestViewController.swift in Sources */ = {isa = PBXBuildFile; fileRef = 4F20E6A81F07A6B100237592 /* LoginTestViewController.swift */; };
		4F20E6AB1F07A6C100237592 /* MessageTestTableViewController.swift in Sources */ = {isa = PBXBuildFile; fileRef = 4F20E6AA1F07A6C100237592 /* MessageTestTableViewController.swift */; };
		4F2178781F2B335D004CC48E /* ChatViewController.swift in Sources */ = {isa = PBXBuildFile; fileRef = 4F2178771F2B335D004CC48E /* ChatViewController.swift */; };
		4F21787A1F2B6F9C004CC48E /* ChatLogCell.swift in Sources */ = {isa = PBXBuildFile; fileRef = 4F2178791F2B6F9C004CC48E /* ChatLogCell.swift */; };
		4F2511EE1E5D4E7F0055D312 /* NewsTableViewController.swift in Sources */ = {isa = PBXBuildFile; fileRef = 4F2511ED1E5D4E7F0055D312 /* NewsTableViewController.swift */; };
		4F2511F61E5D8D9E0055D312 /* NewsInforViewController.swift in Sources */ = {isa = PBXBuildFile; fileRef = 4F2511F51E5D8D9E0055D312 /* NewsInforViewController.swift */; };
		4F2D74931E7972270021FE37 /* FacultyMajorViewController.swift in Sources */ = {isa = PBXBuildFile; fileRef = 4F2D74921E7972270021FE37 /* FacultyMajorViewController.swift */; };
		4F2D74951E798A2F0021FE37 /* FacultyMajorModel.swift in Sources */ = {isa = PBXBuildFile; fileRef = 4F2D74941E798A2F0021FE37 /* FacultyMajorModel.swift */; };
		4F4692491EF6D8050063E574 /* CRUDDepartmentMessage.swift in Sources */ = {isa = PBXBuildFile; fileRef = 4F4692481EF6D8050063E574 /* CRUDDepartmentMessage.swift */; };
		4F4AD4BE1E65E4BE00F509C5 /* NewsModel.swift in Sources */ = {isa = PBXBuildFile; fileRef = 4F4AD4BD1E65E4BE00F509C5 /* NewsModel.swift */; };
		4F4C1E441EE517780021DDF0 /* SplashScreen.swift in Sources */ = {isa = PBXBuildFile; fileRef = 4F4C1E431EE517780021DDF0 /* SplashScreen.swift */; };
		4F4F8D521E517AE0004B4419 /* AppDelegate.swift in Sources */ = {isa = PBXBuildFile; fileRef = 4F4F8D511E517AE0004B4419 /* AppDelegate.swift */; };
		4F4F8D541E517AE0004B4419 /* ViewController.swift in Sources */ = {isa = PBXBuildFile; fileRef = 4F4F8D531E517AE0004B4419 /* ViewController.swift */; };
		4F4F8D5A1E517AE0004B4419 /* UIPSOPEC.xcdatamodeld in Sources */ = {isa = PBXBuildFile; fileRef = 4F4F8D581E517AE0004B4419 /* UIPSOPEC.xcdatamodeld */; };
		4F4F8D5C1E517AE0004B4419 /* Assets.xcassets in Resources */ = {isa = PBXBuildFile; fileRef = 4F4F8D5B1E517AE0004B4419 /* Assets.xcassets */; };
		4F4F8D5F1E517AE0004B4419 /* LaunchScreen.storyboard in Resources */ = {isa = PBXBuildFile; fileRef = 4F4F8D5D1E517AE0004B4419 /* LaunchScreen.storyboard */; };
		4F4F8D6A1E51830C004B4419 /* ChatLogModel.swift in Sources */ = {isa = PBXBuildFile; fileRef = 4F4F8D671E51830C004B4419 /* ChatLogModel.swift */; };
		4F4F8D6B1E51830C004B4419 /* UserLogInDetail.swift in Sources */ = {isa = PBXBuildFile; fileRef = 4F4F8D681E51830C004B4419 /* UserLogInDetail.swift */; };
		4F4F8D6C1E51830C004B4419 /* FacultyChatAndLog.swift in Sources */ = {isa = PBXBuildFile; fileRef = 4F4F8D691E51830C004B4419 /* FacultyChatAndLog.swift */; };
		4F4F8D751E5194A9004B4419 /* UserCell.swift in Sources */ = {isa = PBXBuildFile; fileRef = 4F4F8D741E5194A9004B4419 /* UserCell.swift */; };
		4F50FE491E83C1590028B299 /* PlaceModel.swift in Sources */ = {isa = PBXBuildFile; fileRef = 4F50FE481E83C1590028B299 /* PlaceModel.swift */; };
		4F56F4E91E961CF6002704BE /* ContactViewController.swift in Sources */ = {isa = PBXBuildFile; fileRef = 4F56F4E81E961CF6002704BE /* ContactViewController.swift */; };
		4F6010661E643FF300311509 /* TestGoogleViewController.swift in Sources */ = {isa = PBXBuildFile; fileRef = 4F6010651E643FF300311509 /* TestGoogleViewController.swift */; };
		4F6AF3EE1EA92A000098CE33 /* ResultModel.swift in Sources */ = {isa = PBXBuildFile; fileRef = 4F6AF3ED1EA92A000098CE33 /* ResultModel.swift */; };
		4F8247831E77F6FF00F2341C /* WebService.swift in Sources */ = {isa = PBXBuildFile; fileRef = 4F8247821E77F6FF00F2341C /* WebService.swift */; };
		4F8247881E77FEEC00F2341C /* FacultyModel.swift in Sources */ = {isa = PBXBuildFile; fileRef = 4F8247871E77FEEC00F2341C /* FacultyModel.swift */; };
		4F82478A1E78672B00F2341C /* FacultyTableViewController.swift in Sources */ = {isa = PBXBuildFile; fileRef = 4F8247891E78672B00F2341C /* FacultyTableViewController.swift */; };
		4F8DA5BA1EAA14EA0002E015 /* testViewController.swift in Sources */ = {isa = PBXBuildFile; fileRef = 4F8DA5B91EAA14EA0002E015 /* testViewController.swift */; };
		4F8DF6FE1E82E0EF008B37B5 /* LocationViewController.swift in Sources */ = {isa = PBXBuildFile; fileRef = 4F8DF6FD1E82E0EF008B37B5 /* LocationViewController.swift */; };
		4F8EB6C41F20FC800007FCB7 /* TestCoreDataViewController.swift in Sources */ = {isa = PBXBuildFile; fileRef = 4F8EB6C31F20FC800007FCB7 /* TestCoreDataViewController.swift */; };
		4F91A8B91F30A0AF0035387C /* MapDirectionViewController.swift in Sources */ = {isa = PBXBuildFile; fileRef = 4F91A8B81F30A0AF0035387C /* MapDirectionViewController.swift */; };
		4F9322FA1F1536160073D998 /* MessageViewController.swift in Sources */ = {isa = PBXBuildFile; fileRef = 4F9322F91F1536160073D998 /* MessageViewController.swift */; };
		4FAF16FD1E7BCA4B00EF3FB9 /* MajorViewController.swift in Sources */ = {isa = PBXBuildFile; fileRef = 4FAF16FC1E7BCA4B00EF3FB9 /* MajorViewController.swift */; };
		4FAF16FF1E7BCC2500EF3FB9 /* FunctionMutual.swift in Sources */ = {isa = PBXBuildFile; fileRef = 4FAF16FE1E7BCC2500EF3FB9 /* FunctionMutual.swift */; };
		4FBD05031EA49705008D5EB2 /* CRUDSetting.swift in Sources */ = {isa = PBXBuildFile; fileRef = 4FBD05021EA49705008D5EB2 /* CRUDSetting.swift */; };
		4FBD05051EA50ADF008D5EB2 /* Extension.swift in Sources */ = {isa = PBXBuildFile; fileRef = 4FBD05041EA50ADF008D5EB2 /* Extension.swift */; };
		4FBD05071EA53CBC008D5EB2 /* FacSuggestionModel.swift in Sources */ = {isa = PBXBuildFile; fileRef = 4FBD05061EA53CBC008D5EB2 /* FacSuggestionModel.swift */; };
		4FBD05091EA53E57008D5EB2 /* KeywordModel.swift in Sources */ = {isa = PBXBuildFile; fileRef = 4FBD05081EA53E57008D5EB2 /* KeywordModel.swift */; };
		4FDDFA091EA78F9600B708E8 /* MessageModel.swift in Sources */ = {isa = PBXBuildFile; fileRef = 4FDDFA081EA78F9600B708E8 /* MessageModel.swift */; };
		4FE09F2D1E59F8410020A2C5 /* CRUDProfileDevice.swift in Sources */ = {isa = PBXBuildFile; fileRef = 4FE09F2C1E59F8410020A2C5 /* CRUDProfileDevice.swift */; };
		4FE09F2F1E5A04BF0020A2C5 /* ToastMessage.swift in Sources */ = {isa = PBXBuildFile; fileRef = 4FE09F2E1E5A04BF0020A2C5 /* ToastMessage.swift */; };
		6DF1C3E1A4DA36AE47BF5F2E /* Pods_UIPSOPEC.framework in Frameworks */ = {isa = PBXBuildFile; fileRef = 1A9F30573407E3145519A354 /* Pods_UIPSOPEC.framework */; };
		7545F33A1E8666AA00603222 /* ContactModel.swift in Sources */ = {isa = PBXBuildFile; fileRef = 7545F3391E8666AA00603222 /* ContactModel.swift */; };
		755EA9131EA5173500C622CE /* SuggestionController.swift in Sources */ = {isa = PBXBuildFile; fileRef = 755EA9121EA5173500C622CE /* SuggestionController.swift */; };
		756869791E9F5E8300C0E886 /* CalendarViewController_2.swift in Sources */ = {isa = PBXBuildFile; fileRef = 756869781E9F5E8300C0E886 /* CalendarViewController_2.swift */; };
		756C02C01EA1EEC500D25B2D /* CalendarModel.swift in Sources */ = {isa = PBXBuildFile; fileRef = 756C02BF1EA1EEC500D25B2D /* CalendarModel.swift */; };
		757B88111EB10AFC00098414 /* RevealViewController.swift in Sources */ = {isa = PBXBuildFile; fileRef = 757B88101EB10AFC00098414 /* RevealViewController.swift */; };
		758DDFE91E9E0AEB00EAAFA8 /* Main.storyboard in Resources */ = {isa = PBXBuildFile; fileRef = 758DDFE71E9E0AEB00EAAFA8 /* Main.storyboard */; };
		759497C01EA8C9FE0058006D /* applyViewController.swift in Sources */ = {isa = PBXBuildFile; fileRef = 756E17A21E8960B40071EFD6 /* applyViewController.swift */; };
		759497C61EA8D1940058006D /* MenuSideTableViewController.swift in Sources */ = {isa = PBXBuildFile; fileRef = 759497C51EA8D1940058006D /* MenuSideTableViewController.swift */; };
		75E634CF1EAE215200321105 /* Gidole-Regular.ttf in Resources */ = {isa = PBXBuildFile; fileRef = 75E634CE1EAE214700321105 /* Gidole-Regular.ttf */; };
/* End PBXBuildFile section */

/* Begin PBXFileReference section */
		1A9F30573407E3145519A354 /* Pods_UIPSOPEC.framework */ = {isa = PBXFileReference; explicitFileType = wrapper.framework; includeInIndex = 0; path = Pods_UIPSOPEC.framework; sourceTree = BUILT_PRODUCTS_DIR; };
		4F20E6A81F07A6B100237592 /* LoginTestViewController.swift */ = {isa = PBXFileReference; fileEncoding = 4; lastKnownFileType = sourcecode.swift; path = LoginTestViewController.swift; sourceTree = "<group>"; };
		4F20E6AA1F07A6C100237592 /* MessageTestTableViewController.swift */ = {isa = PBXFileReference; fileEncoding = 4; lastKnownFileType = sourcecode.swift; path = MessageTestTableViewController.swift; sourceTree = "<group>"; };
		4F2178771F2B335D004CC48E /* ChatViewController.swift */ = {isa = PBXFileReference; fileEncoding = 4; lastKnownFileType = sourcecode.swift; path = ChatViewController.swift; sourceTree = "<group>"; };
		4F2178791F2B6F9C004CC48E /* ChatLogCell.swift */ = {isa = PBXFileReference; fileEncoding = 4; lastKnownFileType = sourcecode.swift; path = ChatLogCell.swift; sourceTree = "<group>"; };
		4F2511ED1E5D4E7F0055D312 /* NewsTableViewController.swift */ = {isa = PBXFileReference; fileEncoding = 4; lastKnownFileType = sourcecode.swift; path = NewsTableViewController.swift; sourceTree = "<group>"; };
		4F2511F51E5D8D9E0055D312 /* NewsInforViewController.swift */ = {isa = PBXFileReference; fileEncoding = 4; lastKnownFileType = sourcecode.swift; path = NewsInforViewController.swift; sourceTree = "<group>"; };
		4F2D74921E7972270021FE37 /* FacultyMajorViewController.swift */ = {isa = PBXFileReference; fileEncoding = 4; lastKnownFileType = sourcecode.swift; path = FacultyMajorViewController.swift; sourceTree = "<group>"; };
		4F2D74941E798A2F0021FE37 /* FacultyMajorModel.swift */ = {isa = PBXFileReference; fileEncoding = 4; lastKnownFileType = sourcecode.swift; path = FacultyMajorModel.swift; sourceTree = "<group>"; };
		4F4692481EF6D8050063E574 /* CRUDDepartmentMessage.swift */ = {isa = PBXFileReference; fileEncoding = 4; lastKnownFileType = sourcecode.swift; path = CRUDDepartmentMessage.swift; sourceTree = "<group>"; };
		4F4AD4BD1E65E4BE00F509C5 /* NewsModel.swift */ = {isa = PBXFileReference; fileEncoding = 4; lastKnownFileType = sourcecode.swift; path = NewsModel.swift; sourceTree = "<group>"; };
		4F4C1E431EE517780021DDF0 /* SplashScreen.swift */ = {isa = PBXFileReference; fileEncoding = 4; lastKnownFileType = sourcecode.swift; path = SplashScreen.swift; sourceTree = "<group>"; };
		4F4F8D4E1E517AE0004B4419 /* UIPSOPEC.app */ = {isa = PBXFileReference; explicitFileType = wrapper.application; includeInIndex = 0; path = UIPSOPEC.app; sourceTree = BUILT_PRODUCTS_DIR; };
		4F4F8D511E517AE0004B4419 /* AppDelegate.swift */ = {isa = PBXFileReference; lastKnownFileType = sourcecode.swift; path = AppDelegate.swift; sourceTree = "<group>"; };
		4F4F8D531E517AE0004B4419 /* ViewController.swift */ = {isa = PBXFileReference; lastKnownFileType = sourcecode.swift; path = ViewController.swift; sourceTree = "<group>"; };
		4F4F8D591E517AE0004B4419 /* UIPSOPEC.xcdatamodel */ = {isa = PBXFileReference; lastKnownFileType = wrapper.xcdatamodel; path = UIPSOPEC.xcdatamodel; sourceTree = "<group>"; };
		4F4F8D5B1E517AE0004B4419 /* Assets.xcassets */ = {isa = PBXFileReference; lastKnownFileType = folder.assetcatalog; path = Assets.xcassets; sourceTree = "<group>"; };
		4F4F8D5E1E517AE0004B4419 /* Base */ = {isa = PBXFileReference; lastKnownFileType = file.storyboard; name = Base; path = Base.lproj/LaunchScreen.storyboard; sourceTree = "<group>"; };
		4F4F8D601E517AE0004B4419 /* Info.plist */ = {isa = PBXFileReference; lastKnownFileType = text.plist.xml; path = Info.plist; sourceTree = "<group>"; };
		4F4F8D671E51830C004B4419 /* ChatLogModel.swift */ = {isa = PBXFileReference; fileEncoding = 4; lastKnownFileType = sourcecode.swift; path = ChatLogModel.swift; sourceTree = "<group>"; };
		4F4F8D681E51830C004B4419 /* UserLogInDetail.swift */ = {isa = PBXFileReference; fileEncoding = 4; lastKnownFileType = sourcecode.swift; path = UserLogInDetail.swift; sourceTree = "<group>"; };
		4F4F8D691E51830C004B4419 /* FacultyChatAndLog.swift */ = {isa = PBXFileReference; fileEncoding = 4; lastKnownFileType = sourcecode.swift; path = FacultyChatAndLog.swift; sourceTree = "<group>"; };
		4F4F8D741E5194A9004B4419 /* UserCell.swift */ = {isa = PBXFileReference; fileEncoding = 4; lastKnownFileType = sourcecode.swift; path = UserCell.swift; sourceTree = "<group>"; };
		4F50FE481E83C1590028B299 /* PlaceModel.swift */ = {isa = PBXFileReference; fileEncoding = 4; lastKnownFileType = sourcecode.swift; path = PlaceModel.swift; sourceTree = "<group>"; };
		4F56F4E81E961CF6002704BE /* ContactViewController.swift */ = {isa = PBXFileReference; fileEncoding = 4; lastKnownFileType = sourcecode.swift; path = ContactViewController.swift; sourceTree = "<group>"; };
		4F6010651E643FF300311509 /* TestGoogleViewController.swift */ = {isa = PBXFileReference; fileEncoding = 4; lastKnownFileType = sourcecode.swift; path = TestGoogleViewController.swift; sourceTree = "<group>"; };
		4F6AF3ED1EA92A000098CE33 /* ResultModel.swift */ = {isa = PBXFileReference; fileEncoding = 4; lastKnownFileType = sourcecode.swift; path = ResultModel.swift; sourceTree = "<group>"; };
		4F8247821E77F6FF00F2341C /* WebService.swift */ = {isa = PBXFileReference; fileEncoding = 4; lastKnownFileType = sourcecode.swift; name = WebService.swift; path = UIPSOPEC/WebService.swift; sourceTree = "<group>"; };
		4F8247871E77FEEC00F2341C /* FacultyModel.swift */ = {isa = PBXFileReference; fileEncoding = 4; lastKnownFileType = sourcecode.swift; path = FacultyModel.swift; sourceTree = "<group>"; };
		4F8247891E78672B00F2341C /* FacultyTableViewController.swift */ = {isa = PBXFileReference; fileEncoding = 4; lastKnownFileType = sourcecode.swift; path = FacultyTableViewController.swift; sourceTree = "<group>"; };
		4F8DA5B91EAA14EA0002E015 /* testViewController.swift */ = {isa = PBXFileReference; fileEncoding = 4; lastKnownFileType = sourcecode.swift; path = testViewController.swift; sourceTree = "<group>"; };
		4F8DF6FD1E82E0EF008B37B5 /* LocationViewController.swift */ = {isa = PBXFileReference; fileEncoding = 4; lastKnownFileType = sourcecode.swift; path = LocationViewController.swift; sourceTree = "<group>"; };
		4F8EB6C31F20FC800007FCB7 /* TestCoreDataViewController.swift */ = {isa = PBXFileReference; fileEncoding = 4; lastKnownFileType = sourcecode.swift; path = TestCoreDataViewController.swift; sourceTree = "<group>"; };
		4F91A8B81F30A0AF0035387C /* MapDirectionViewController.swift */ = {isa = PBXFileReference; fileEncoding = 4; lastKnownFileType = sourcecode.swift; path = MapDirectionViewController.swift; sourceTree = "<group>"; };
		4F9322F91F1536160073D998 /* MessageViewController.swift */ = {isa = PBXFileReference; fileEncoding = 4; lastKnownFileType = sourcecode.swift; path = MessageViewController.swift; sourceTree = "<group>"; };
		4FAF16FC1E7BCA4B00EF3FB9 /* MajorViewController.swift */ = {isa = PBXFileReference; fileEncoding = 4; lastKnownFileType = sourcecode.swift; path = MajorViewController.swift; sourceTree = "<group>"; };
		4FAF16FE1E7BCC2500EF3FB9 /* FunctionMutual.swift */ = {isa = PBXFileReference; fileEncoding = 4; lastKnownFileType = sourcecode.swift; path = FunctionMutual.swift; sourceTree = "<group>"; };
		4FBD05021EA49705008D5EB2 /* CRUDSetting.swift */ = {isa = PBXFileReference; fileEncoding = 4; lastKnownFileType = sourcecode.swift; path = CRUDSetting.swift; sourceTree = "<group>"; };
		4FBD05041EA50ADF008D5EB2 /* Extension.swift */ = {isa = PBXFileReference; fileEncoding = 4; lastKnownFileType = sourcecode.swift; path = Extension.swift; sourceTree = "<group>"; };
		4FBD05061EA53CBC008D5EB2 /* FacSuggestionModel.swift */ = {isa = PBXFileReference; fileEncoding = 4; lastKnownFileType = sourcecode.swift; path = FacSuggestionModel.swift; sourceTree = "<group>"; };
		4FBD05081EA53E57008D5EB2 /* KeywordModel.swift */ = {isa = PBXFileReference; fileEncoding = 4; lastKnownFileType = sourcecode.swift; path = KeywordModel.swift; sourceTree = "<group>"; };
		4FDDFA081EA78F9600B708E8 /* MessageModel.swift */ = {isa = PBXFileReference; fileEncoding = 4; lastKnownFileType = sourcecode.swift; path = MessageModel.swift; sourceTree = "<group>"; };
		4FE09F2C1E59F8410020A2C5 /* CRUDProfileDevice.swift */ = {isa = PBXFileReference; fileEncoding = 4; lastKnownFileType = sourcecode.swift; path = CRUDProfileDevice.swift; sourceTree = "<group>"; };
		4FE09F2E1E5A04BF0020A2C5 /* ToastMessage.swift */ = {isa = PBXFileReference; fileEncoding = 4; lastKnownFileType = sourcecode.swift; path = ToastMessage.swift; sourceTree = "<group>"; };
		4FE2521C1F3F4C4000D3E040 /* UIPSOPEC.entitlements */ = {isa = PBXFileReference; lastKnownFileType = text.plist.entitlements; path = UIPSOPEC.entitlements; sourceTree = "<group>"; };
		7545F3391E8666AA00603222 /* ContactModel.swift */ = {isa = PBXFileReference; fileEncoding = 4; lastKnownFileType = sourcecode.swift; path = ContactModel.swift; sourceTree = "<group>"; };
		755EA9121EA5173500C622CE /* SuggestionController.swift */ = {isa = PBXFileReference; fileEncoding = 4; lastKnownFileType = sourcecode.swift; path = SuggestionController.swift; sourceTree = "<group>"; };
		756869781E9F5E8300C0E886 /* CalendarViewController_2.swift */ = {isa = PBXFileReference; fileEncoding = 4; lastKnownFileType = sourcecode.swift; path = CalendarViewController_2.swift; sourceTree = "<group>"; };
		756C02BF1EA1EEC500D25B2D /* CalendarModel.swift */ = {isa = PBXFileReference; fileEncoding = 4; lastKnownFileType = sourcecode.swift; path = CalendarModel.swift; sourceTree = "<group>"; };
		756E17A21E8960B40071EFD6 /* applyViewController.swift */ = {isa = PBXFileReference; fileEncoding = 4; lastKnownFileType = sourcecode.swift; path = applyViewController.swift; sourceTree = "<group>"; };
		757B88101EB10AFC00098414 /* RevealViewController.swift */ = {isa = PBXFileReference; fileEncoding = 4; lastKnownFileType = sourcecode.swift; path = RevealViewController.swift; sourceTree = "<group>"; };
		758DDFE81E9E0AEB00EAAFA8 /* Base */ = {isa = PBXFileReference; lastKnownFileType = file.storyboard; name = Base; path = Base.lproj/Main.storyboard; sourceTree = "<group>"; };
		759497C51EA8D1940058006D /* MenuSideTableViewController.swift */ = {isa = PBXFileReference; fileEncoding = 4; lastKnownFileType = sourcecode.swift; path = MenuSideTableViewController.swift; sourceTree = "<group>"; };
		75E634CE1EAE214700321105 /* Gidole-Regular.ttf */ = {isa = PBXFileReference; lastKnownFileType = file; path = "Gidole-Regular.ttf"; sourceTree = "<group>"; };
		829F2D6DD9A0C9CFF209E3F8 /* Pods-UIPSOPEC.release.xcconfig */ = {isa = PBXFileReference; includeInIndex = 1; lastKnownFileType = text.xcconfig; name = "Pods-UIPSOPEC.release.xcconfig"; path = "Pods/Target Support Files/Pods-UIPSOPEC/Pods-UIPSOPEC.release.xcconfig"; sourceTree = "<group>"; };
		D1587B5D2676B1EE902098CC /* Pods-UIPSOPEC.debug.xcconfig */ = {isa = PBXFileReference; includeInIndex = 1; lastKnownFileType = text.xcconfig; name = "Pods-UIPSOPEC.debug.xcconfig"; path = "Pods/Target Support Files/Pods-UIPSOPEC/Pods-UIPSOPEC.debug.xcconfig"; sourceTree = "<group>"; };
/* End PBXFileReference section */

/* Begin PBXFrameworksBuildPhase section */
		4F4F8D4B1E517AE0004B4419 /* Frameworks */ = {
			isa = PBXFrameworksBuildPhase;
			buildActionMask = 2147483647;
			files = (
				6DF1C3E1A4DA36AE47BF5F2E /* Pods_UIPSOPEC.framework in Frameworks */,
			);
			runOnlyForDeploymentPostprocessing = 0;
		};
/* End PBXFrameworksBuildPhase section */

/* Begin PBXGroup section */
		4F20E6A71F07A69800237592 /* Test */ = {
			isa = PBXGroup;
			children = (
				4F8DA5B91EAA14EA0002E015 /* testViewController.swift */,
				4F20E6A81F07A6B100237592 /* LoginTestViewController.swift */,
				4F20E6AA1F07A6C100237592 /* MessageTestTableViewController.swift */,
			);
			name = Test;
			sourceTree = "<group>";
		};
		4F2511EC1E5D4E4D0055D312 /* Controller */ = {
			isa = PBXGroup;
			children = (
				4F91A8BA1F30A0BD0035387C /* Map */,
				4F20E6A71F07A69800237592 /* Test */,
				4FAF16F51E7BC7F600EF3FB9 /* Chat */,
				4FAF16F41E7BC7EB00EF3FB9 /* News */,
				4FAF16F31E7BC7CC00EF3FB9 /* Faculty */,
				756E17A21E8960B40071EFD6 /* applyViewController.swift */,
				755EA9121EA5173500C622CE /* SuggestionController.swift */,
				4F6010651E643FF300311509 /* TestGoogleViewController.swift */,
				4F56F4E81E961CF6002704BE /* ContactViewController.swift */,
				756869781E9F5E8300C0E886 /* CalendarViewController_2.swift */,
				759497C51EA8D1940058006D /* MenuSideTableViewController.swift */,
				757B88101EB10AFC00098414 /* RevealViewController.swift */,
				4F4C1E431EE517780021DDF0 /* SplashScreen.swift */,
				4F8EB6C31F20FC800007FCB7 /* TestCoreDataViewController.swift */,
			);
			name = Controller;
			sourceTree = "<group>";
		};
		4F4F8D451E517AE0004B4419 = {
			isa = PBXGroup;
			children = (
				4FE09F2B1E59F80A0020A2C5 /* CoreData */,
				4F8247861E77FE4E00F2341C /* Necessary */,
				4F2511EC1E5D4E4D0055D312 /* Controller */,
				4F4F8D6D1E518316004B4419 /* MyDrawer */,
				4F4F8D661E5182E5004B4419 /* Model */,
				4F4F8D501E517AE0004B4419 /* UIPSOPEC */,
				4F4F8D4F1E517AE0004B4419 /* Products */,
				56274819AB28CDA861A8A965 /* Pods */,
				73DBA7D50D1F2A5BCF2519CC /* Frameworks */,
			);
			sourceTree = "<group>";
		};
		4F4F8D4F1E517AE0004B4419 /* Products */ = {
			isa = PBXGroup;
			children = (
				4F4F8D4E1E517AE0004B4419 /* UIPSOPEC.app */,
			);
			name = Products;
			sourceTree = "<group>";
		};
		4F4F8D501E517AE0004B4419 /* UIPSOPEC */ = {
			isa = PBXGroup;
			children = (
				4FE2521C1F3F4C4000D3E040 /* UIPSOPEC.entitlements */,
				4F4F8D511E517AE0004B4419 /* AppDelegate.swift */,
				4F4F8D531E517AE0004B4419 /* ViewController.swift */,
				758DDFE71E9E0AEB00EAAFA8 /* Main.storyboard */,
				4F4F8D5B1E517AE0004B4419 /* Assets.xcassets */,
				4F4F8D5D1E517AE0004B4419 /* LaunchScreen.storyboard */,
				4F4F8D601E517AE0004B4419 /* Info.plist */,
				4F4F8D581E517AE0004B4419 /* UIPSOPEC.xcdatamodeld */,
			);
			path = UIPSOPEC;
			sourceTree = "<group>";
		};
		4F4F8D661E5182E5004B4419 /* Model */ = {
			isa = PBXGroup;
			children = (
				4F4F8D671E51830C004B4419 /* ChatLogModel.swift */,
				4F4F8D681E51830C004B4419 /* UserLogInDetail.swift */,
				4F4F8D691E51830C004B4419 /* FacultyChatAndLog.swift */,
				4F4AD4BD1E65E4BE00F509C5 /* NewsModel.swift */,
				4F8247871E77FEEC00F2341C /* FacultyModel.swift */,
				4F2D74941E798A2F0021FE37 /* FacultyMajorModel.swift */,
				4F50FE481E83C1590028B299 /* PlaceModel.swift */,
				7545F3391E8666AA00603222 /* ContactModel.swift */,
				756C02BF1EA1EEC500D25B2D /* CalendarModel.swift */,
				4FBD05061EA53CBC008D5EB2 /* FacSuggestionModel.swift */,
				4FBD05081EA53E57008D5EB2 /* KeywordModel.swift */,
				4FDDFA081EA78F9600B708E8 /* MessageModel.swift */,
				4F6AF3ED1EA92A000098CE33 /* ResultModel.swift */,
			);
			name = Model;
			sourceTree = "<group>";
		};
		4F4F8D6D1E518316004B4419 /* MyDrawer */ = {
			isa = PBXGroup;
			children = (
				4F4F8D741E5194A9004B4419 /* UserCell.swift */,
				4FE09F2E1E5A04BF0020A2C5 /* ToastMessage.swift */,
			);
			name = MyDrawer;
			sourceTree = "<group>";
		};
		4F8247861E77FE4E00F2341C /* Necessary */ = {
			isa = PBXGroup;
			children = (
				75E634CE1EAE214700321105 /* Gidole-Regular.ttf */,
				4F8247821E77F6FF00F2341C /* WebService.swift */,
				4FAF16FE1E7BCC2500EF3FB9 /* FunctionMutual.swift */,
				4FBD05041EA50ADF008D5EB2 /* Extension.swift */,
			);
			name = Necessary;
			sourceTree = "<group>";
		};
		4F91A8BA1F30A0BD0035387C /* Map */ = {
			isa = PBXGroup;
			children = (
				4F91A8B81F30A0AF0035387C /* MapDirectionViewController.swift */,
				4F8DF6FD1E82E0EF008B37B5 /* LocationViewController.swift */,
			);
			name = Map;
			sourceTree = "<group>";
		};
		4FAF16F31E7BC7CC00EF3FB9 /* Faculty */ = {
			isa = PBXGroup;
			children = (
				4F8247891E78672B00F2341C /* FacultyTableViewController.swift */,
				4F2D74921E7972270021FE37 /* FacultyMajorViewController.swift */,
				4FAF16FC1E7BCA4B00EF3FB9 /* MajorViewController.swift */,
			);
			name = Faculty;
			sourceTree = "<group>";
		};
		4FAF16F41E7BC7EB00EF3FB9 /* News */ = {
			isa = PBXGroup;
			children = (
				4F2511ED1E5D4E7F0055D312 /* NewsTableViewController.swift */,
				4F2511F51E5D8D9E0055D312 /* NewsInforViewController.swift */,
			);
			name = News;
			sourceTree = "<group>";
		};
		4FAF16F51E7BC7F600EF3FB9 /* Chat */ = {
			isa = PBXGroup;
			children = (
				4F9322F91F1536160073D998 /* MessageViewController.swift */,
				4F2178771F2B335D004CC48E /* ChatViewController.swift */,
				4F2178791F2B6F9C004CC48E /* ChatLogCell.swift */,
			);
			name = Chat;
			sourceTree = "<group>";
		};
		4FE09F2B1E59F80A0020A2C5 /* CoreData */ = {
			isa = PBXGroup;
			children = (
				4FE09F2C1E59F8410020A2C5 /* CRUDProfileDevice.swift */,
				4FBD05021EA49705008D5EB2 /* CRUDSetting.swift */,
				4F4692481EF6D8050063E574 /* CRUDDepartmentMessage.swift */,
			);
			name = CoreData;
			sourceTree = "<group>";
		};
		56274819AB28CDA861A8A965 /* Pods */ = {
			isa = PBXGroup;
			children = (
				D1587B5D2676B1EE902098CC /* Pods-UIPSOPEC.debug.xcconfig */,
				829F2D6DD9A0C9CFF209E3F8 /* Pods-UIPSOPEC.release.xcconfig */,
			);
			name = Pods;
			sourceTree = "<group>";
		};
		73DBA7D50D1F2A5BCF2519CC /* Frameworks */ = {
			isa = PBXGroup;
			children = (
				1A9F30573407E3145519A354 /* Pods_UIPSOPEC.framework */,
			);
			name = Frameworks;
			sourceTree = "<group>";
		};
/* End PBXGroup section */

/* Begin PBXNativeTarget section */
		4F4F8D4D1E517AE0004B4419 /* UIPSOPEC */ = {
			isa = PBXNativeTarget;
			buildConfigurationList = 4F4F8D631E517AE0004B4419 /* Build configuration list for PBXNativeTarget "UIPSOPEC" */;
			buildPhases = (
				2367BA299E2F94184332705A /* [CP] Check Pods Manifest.lock */,
				4F4F8D4A1E517AE0004B4419 /* Sources */,
				4F4F8D4B1E517AE0004B4419 /* Frameworks */,
				4F4F8D4C1E517AE0004B4419 /* Resources */,
				4D6F7B758E43BC00AFD0EF5D /* [CP] Embed Pods Frameworks */,
				75CAF9459D86B5A09681C36A /* [CP] Copy Pods Resources */,
			);
			buildRules = (
			);
			dependencies = (
			);
			name = UIPSOPEC;
			productName = UIPSOPEC;
			productReference = 4F4F8D4E1E517AE0004B4419 /* UIPSOPEC.app */;
			productType = "com.apple.product-type.application";
		};
/* End PBXNativeTarget section */

/* Begin PBXProject section */
		4F4F8D461E517AE0004B4419 /* Project object */ = {
			isa = PBXProject;
			attributes = {
				LastSwiftUpdateCheck = 0800;
				LastUpgradeCheck = 0820;
				ORGANIZATIONNAME = "Senior Project";
				TargetAttributes = {
					4F4F8D4D1E517AE0004B4419 = {
						CreatedOnToolsVersion = 8.0;
						DevelopmentTeam = ZTCYBXM2DC;
						ProvisioningStyle = Automatic;
						SystemCapabilities = {
							com.apple.BackgroundModes = {
								enabled = 0;
							};
							com.apple.Push = {
								enabled = 0;
							};
						};
					};
				};
			};
			buildConfigurationList = 4F4F8D491E517AE0004B4419 /* Build configuration list for PBXProject "UIPSOPEC" */;
			compatibilityVersion = "Xcode 3.2";
			developmentRegion = English;
			hasScannedForEncodings = 0;
			knownRegions = (
				en,
				Base,
			);
			mainGroup = 4F4F8D451E517AE0004B4419;
			productRefGroup = 4F4F8D4F1E517AE0004B4419 /* Products */;
			projectDirPath = "";
			projectRoot = "";
			targets = (
				4F4F8D4D1E517AE0004B4419 /* UIPSOPEC */,
			);
		};
/* End PBXProject section */

/* Begin PBXResourcesBuildPhase section */
		4F4F8D4C1E517AE0004B4419 /* Resources */ = {
			isa = PBXResourcesBuildPhase;
			buildActionMask = 2147483647;
			files = (
				75E634CF1EAE215200321105 /* Gidole-Regular.ttf in Resources */,
				758DDFE91E9E0AEB00EAAFA8 /* Main.storyboard in Resources */,
				4F4F8D5F1E517AE0004B4419 /* LaunchScreen.storyboard in Resources */,
				4F4F8D5C1E517AE0004B4419 /* Assets.xcassets in Resources */,
			);
			runOnlyForDeploymentPostprocessing = 0;
		};
/* End PBXResourcesBuildPhase section */

/* Begin PBXShellScriptBuildPhase section */
		2367BA299E2F94184332705A /* [CP] Check Pods Manifest.lock */ = {
			isa = PBXShellScriptBuildPhase;
			buildActionMask = 2147483647;
			files = (
			);
			inputPaths = (
				"${PODS_PODFILE_DIR_PATH}/Podfile.lock",
				"${PODS_ROOT}/Manifest.lock",
			);
			name = "[CP] Check Pods Manifest.lock";
			outputPaths = (
				"$(DERIVED_FILE_DIR)/Pods-UIPSOPEC-checkManifestLockResult.txt",
			);
			runOnlyForDeploymentPostprocessing = 0;
			shellPath = /bin/sh;
			shellScript = "diff \"${PODS_PODFILE_DIR_PATH}/Podfile.lock\" \"${PODS_ROOT}/Manifest.lock\" > /dev/null\nif [ $? != 0 ] ; then\n    # print error to STDERR\n    echo \"error: The sandbox is not in sync with the Podfile.lock. Run 'pod install' or update your CocoaPods installation.\" >&2\n    exit 1\nfi\n# This output is used by Xcode 'outputs' to avoid re-running this script phase.\necho \"SUCCESS\" > \"${SCRIPT_OUTPUT_FILE_0}\"\n";
			showEnvVarsInLog = 0;
		};
		4D6F7B758E43BC00AFD0EF5D /* [CP] Embed Pods Frameworks */ = {
			isa = PBXShellScriptBuildPhase;
			buildActionMask = 2147483647;
			files = (
			);
			inputPaths = (
				"${SRCROOT}/Pods/Target Support Files/Pods-UIPSOPEC/Pods-UIPSOPEC-frameworks.sh",
				"${BUILT_PRODUCTS_DIR}/Bolts/Bolts.framework",
				"${BUILT_PRODUCTS_DIR}/FBSDKCoreKit/FBSDKCoreKit.framework",
				"${BUILT_PRODUCTS_DIR}/FBSDKLoginKit/FBSDKLoginKit.framework",
				"${BUILT_PRODUCTS_DIR}/FSCalendar/FSCalendar.framework",
				"${BUILT_PRODUCTS_DIR}/FacebookCore/FacebookCore.framework",
				"${BUILT_PRODUCTS_DIR}/FacebookLogin/FacebookLogin.framework",
				"${BUILT_PRODUCTS_DIR}/GoogleToolboxForMac/GoogleToolboxForMac.framework",
				"${BUILT_PRODUCTS_DIR}/Protobuf/Protobuf.framework",
				"${BUILT_PRODUCTS_DIR}/SWRevealViewController/SWRevealViewController.framework",
				"${BUILT_PRODUCTS_DIR}/SkyFloatingLabelTextField/SkyFloatingLabelTextField.framework",
				"${BUILT_PRODUCTS_DIR}/SwiftR/SwiftR.framework",
				"${BUILT_PRODUCTS_DIR}/nanopb/nanopb.framework",
			);
			name = "[CP] Embed Pods Frameworks";
			outputPaths = (
				"${TARGET_BUILD_DIR}/${FRAMEWORKS_FOLDER_PATH}/Bolts.framework",
				"${TARGET_BUILD_DIR}/${FRAMEWORKS_FOLDER_PATH}/FBSDKCoreKit.framework",
				"${TARGET_BUILD_DIR}/${FRAMEWORKS_FOLDER_PATH}/FBSDKLoginKit.framework",
				"${TARGET_BUILD_DIR}/${FRAMEWORKS_FOLDER_PATH}/FSCalendar.framework",
				"${TARGET_BUILD_DIR}/${FRAMEWORKS_FOLDER_PATH}/FacebookCore.framework",
				"${TARGET_BUILD_DIR}/${FRAMEWORKS_FOLDER_PATH}/FacebookLogin.framework",
				"${TARGET_BUILD_DIR}/${FRAMEWORKS_FOLDER_PATH}/GoogleToolboxForMac.framework",
				"${TARGET_BUILD_DIR}/${FRAMEWORKS_FOLDER_PATH}/Protobuf.framework",
				"${TARGET_BUILD_DIR}/${FRAMEWORKS_FOLDER_PATH}/SWRevealViewController.framework",
				"${TARGET_BUILD_DIR}/${FRAMEWORKS_FOLDER_PATH}/SkyFloatingLabelTextField.framework",
				"${TARGET_BUILD_DIR}/${FRAMEWORKS_FOLDER_PATH}/SwiftR.framework",
				"${TARGET_BUILD_DIR}/${FRAMEWORKS_FOLDER_PATH}/nanopb.framework",
			);
			runOnlyForDeploymentPostprocessing = 0;
			shellPath = /bin/sh;
			shellScript = "\"${SRCROOT}/Pods/Target Support Files/Pods-UIPSOPEC/Pods-UIPSOPEC-frameworks.sh\"\n";
			showEnvVarsInLog = 0;
		};
		75CAF9459D86B5A09681C36A /* [CP] Copy Pods Resources */ = {
			isa = PBXShellScriptBuildPhase;
			buildActionMask = 2147483647;
			files = (
			);
			inputPaths = (
				"${SRCROOT}/Pods/Target Support Files/Pods-UIPSOPEC/Pods-UIPSOPEC-resources.sh",
				"${PODS_ROOT}/GoogleMaps/Maps/Frameworks/GoogleMaps.framework/Versions/A/Resources/GoogleMaps.bundle",
				"${PODS_ROOT}/GooglePlaces/Frameworks/GooglePlaces.framework/Versions/A/Resources/GooglePlaces.bundle",
			);
			name = "[CP] Copy Pods Resources";
			outputPaths = (
				"${TARGET_BUILD_DIR}/${UNLOCALIZED_RESOURCES_FOLDER_PATH}",
			);
			runOnlyForDeploymentPostprocessing = 0;
			shellPath = /bin/sh;
			shellScript = "\"${SRCROOT}/Pods/Target Support Files/Pods-UIPSOPEC/Pods-UIPSOPEC-resources.sh\"\n";
			showEnvVarsInLog = 0;
		};
/* End PBXShellScriptBuildPhase section */

/* Begin PBXSourcesBuildPhase section */
		4F4F8D4A1E517AE0004B4419 /* Sources */ = {
			isa = PBXSourcesBuildPhase;
			buildActionMask = 2147483647;
			files = (
				4F91A8B91F30A0AF0035387C /* MapDirectionViewController.swift in Sources */,
				4F2D74951E798A2F0021FE37 /* FacultyMajorModel.swift in Sources */,
				4F4F8D6B1E51830C004B4419 /* UserLogInDetail.swift in Sources */,
				4F4F8D541E517AE0004B4419 /* ViewController.swift in Sources */,
				4F4F8D6C1E51830C004B4419 /* FacultyChatAndLog.swift in Sources */,
				755EA9131EA5173500C622CE /* SuggestionController.swift in Sources */,
				4FAF16FD1E7BCA4B00EF3FB9 /* MajorViewController.swift in Sources */,
				4F8DF6FE1E82E0EF008B37B5 /* LocationViewController.swift in Sources */,
				4F2D74931E7972270021FE37 /* FacultyMajorViewController.swift in Sources */,
				4F4F8D5A1E517AE0004B4419 /* UIPSOPEC.xcdatamodeld in Sources */,
				756869791E9F5E8300C0E886 /* CalendarViewController_2.swift in Sources */,
				4F8247881E77FEEC00F2341C /* FacultyModel.swift in Sources */,
				4F20E6AB1F07A6C100237592 /* MessageTestTableViewController.swift in Sources */,
				4F4AD4BE1E65E4BE00F509C5 /* NewsModel.swift in Sources */,
				4FBD05031EA49705008D5EB2 /* CRUDSetting.swift in Sources */,
				4F21787A1F2B6F9C004CC48E /* ChatLogCell.swift in Sources */,
				4FE09F2D1E59F8410020A2C5 /* CRUDProfileDevice.swift in Sources */,
				4F8247831E77F6FF00F2341C /* WebService.swift in Sources */,
				4F4F8D6A1E51830C004B4419 /* ChatLogModel.swift in Sources */,
				4F8EB6C41F20FC800007FCB7 /* TestCoreDataViewController.swift in Sources */,
				4FBD05071EA53CBC008D5EB2 /* FacSuggestionModel.swift in Sources */,
				4F8DA5BA1EAA14EA0002E015 /* testViewController.swift in Sources */,
				4F2178781F2B335D004CC48E /* ChatViewController.swift in Sources */,
				4F82478A1E78672B00F2341C /* FacultyTableViewController.swift in Sources */,
				759497C61EA8D1940058006D /* MenuSideTableViewController.swift in Sources */,
				7545F33A1E8666AA00603222 /* ContactModel.swift in Sources */,
				4F4C1E441EE517780021DDF0 /* SplashScreen.swift in Sources */,
				4F6AF3EE1EA92A000098CE33 /* ResultModel.swift in Sources */,
				4F4F8D751E5194A9004B4419 /* UserCell.swift in Sources */,
				4F4692491EF6D8050063E574 /* CRUDDepartmentMessage.swift in Sources */,
				4FAF16FF1E7BCC2500EF3FB9 /* FunctionMutual.swift in Sources */,
				756C02C01EA1EEC500D25B2D /* CalendarModel.swift in Sources */,
				4F6010661E643FF300311509 /* TestGoogleViewController.swift in Sources */,
				4F20E6A91F07A6B100237592 /* LoginTestViewController.swift in Sources */,
				4F9322FA1F1536160073D998 /* MessageViewController.swift in Sources */,
				4F4F8D521E517AE0004B4419 /* AppDelegate.swift in Sources */,
				4FBD05051EA50ADF008D5EB2 /* Extension.swift in Sources */,
				759497C01EA8C9FE0058006D /* applyViewController.swift in Sources */,
				4FDDFA091EA78F9600B708E8 /* MessageModel.swift in Sources */,
				4F2511EE1E5D4E7F0055D312 /* NewsTableViewController.swift in Sources */,
				4FBD05091EA53E57008D5EB2 /* KeywordModel.swift in Sources */,
				757B88111EB10AFC00098414 /* RevealViewController.swift in Sources */,
				4F50FE491E83C1590028B299 /* PlaceModel.swift in Sources */,
				4FE09F2F1E5A04BF0020A2C5 /* ToastMessage.swift in Sources */,
				4F2511F61E5D8D9E0055D312 /* NewsInforViewController.swift in Sources */,
				4F56F4E91E961CF6002704BE /* ContactViewController.swift in Sources */,
			);
			runOnlyForDeploymentPostprocessing = 0;
		};
/* End PBXSourcesBuildPhase section */

/* Begin PBXVariantGroup section */
		4F4F8D5D1E517AE0004B4419 /* LaunchScreen.storyboard */ = {
			isa = PBXVariantGroup;
			children = (
				4F4F8D5E1E517AE0004B4419 /* Base */,
			);
			name = LaunchScreen.storyboard;
			sourceTree = "<group>";
		};
		758DDFE71E9E0AEB00EAAFA8 /* Main.storyboard */ = {
			isa = PBXVariantGroup;
			children = (
				758DDFE81E9E0AEB00EAAFA8 /* Base */,
			);
			name = Main.storyboard;
			sourceTree = "<group>";
		};
/* End PBXVariantGroup section */

/* Begin XCBuildConfiguration section */
		4F4F8D611E517AE0004B4419 /* Debug */ = {
			isa = XCBuildConfiguration;
			buildSettings = {
				ALWAYS_SEARCH_USER_PATHS = NO;
				CLANG_ANALYZER_NONNULL = YES;
				CLANG_CXX_LANGUAGE_STANDARD = "gnu++0x";
				CLANG_CXX_LIBRARY = "libc++";
				CLANG_ENABLE_MODULES = YES;
				CLANG_ENABLE_OBJC_ARC = YES;
				CLANG_WARN_BOOL_CONVERSION = YES;
				CLANG_WARN_CONSTANT_CONVERSION = YES;
				CLANG_WARN_DIRECT_OBJC_ISA_USAGE = YES_ERROR;
				CLANG_WARN_DOCUMENTATION_COMMENTS = YES;
				CLANG_WARN_EMPTY_BODY = YES;
				CLANG_WARN_ENUM_CONVERSION = YES;
				CLANG_WARN_INFINITE_RECURSION = YES;
				CLANG_WARN_INT_CONVERSION = YES;
				CLANG_WARN_OBJC_ROOT_CLASS = YES_ERROR;
				CLANG_WARN_SUSPICIOUS_MOVE = YES;
				CLANG_WARN_SUSPICIOUS_MOVES = YES;
				CLANG_WARN_UNREACHABLE_CODE = YES;
				CLANG_WARN__DUPLICATE_METHOD_MATCH = YES;
				"CODE_SIGN_IDENTITY[sdk=iphoneos*]" = "iPhone Developer";
				COPY_PHASE_STRIP = NO;
				DEBUG_INFORMATION_FORMAT = dwarf;
				ENABLE_STRICT_OBJC_MSGSEND = YES;
				ENABLE_TESTABILITY = YES;
				GCC_C_LANGUAGE_STANDARD = gnu99;
				GCC_DYNAMIC_NO_PIC = NO;
				GCC_NO_COMMON_BLOCKS = YES;
				GCC_OPTIMIZATION_LEVEL = 0;
				GCC_PREPROCESSOR_DEFINITIONS = (
					"DEBUG=1",
					"$(inherited)",
				);
				GCC_WARN_64_TO_32_BIT_CONVERSION = YES;
				GCC_WARN_ABOUT_RETURN_TYPE = YES_ERROR;
				GCC_WARN_UNDECLARED_SELECTOR = YES;
				GCC_WARN_UNINITIALIZED_AUTOS = YES_AGGRESSIVE;
				GCC_WARN_UNUSED_FUNCTION = YES;
				GCC_WARN_UNUSED_VARIABLE = YES;
				IPHONEOS_DEPLOYMENT_TARGET = 10.0;
				MTL_ENABLE_DEBUG_INFO = YES;
				ONLY_ACTIVE_ARCH = YES;
				SDKROOT = iphoneos;
				SWIFT_ACTIVE_COMPILATION_CONDITIONS = DEBUG;
				SWIFT_OPTIMIZATION_LEVEL = "-Onone";
			};
			name = Debug;
		};
		4F4F8D621E517AE0004B4419 /* Release */ = {
			isa = XCBuildConfiguration;
			buildSettings = {
				ALWAYS_SEARCH_USER_PATHS = NO;
				CLANG_ANALYZER_NONNULL = YES;
				CLANG_CXX_LANGUAGE_STANDARD = "gnu++0x";
				CLANG_CXX_LIBRARY = "libc++";
				CLANG_ENABLE_MODULES = YES;
				CLANG_ENABLE_OBJC_ARC = YES;
				CLANG_WARN_BOOL_CONVERSION = YES;
				CLANG_WARN_CONSTANT_CONVERSION = YES;
				CLANG_WARN_DIRECT_OBJC_ISA_USAGE = YES_ERROR;
				CLANG_WARN_DOCUMENTATION_COMMENTS = YES;
				CLANG_WARN_EMPTY_BODY = YES;
				CLANG_WARN_ENUM_CONVERSION = YES;
				CLANG_WARN_INFINITE_RECURSION = YES;
				CLANG_WARN_INT_CONVERSION = YES;
				CLANG_WARN_OBJC_ROOT_CLASS = YES_ERROR;
				CLANG_WARN_SUSPICIOUS_MOVE = YES;
				CLANG_WARN_SUSPICIOUS_MOVES = YES;
				CLANG_WARN_UNREACHABLE_CODE = YES;
				CLANG_WARN__DUPLICATE_METHOD_MATCH = YES;
				"CODE_SIGN_IDENTITY[sdk=iphoneos*]" = "iPhone Developer";
				COPY_PHASE_STRIP = NO;
				DEBUG_INFORMATION_FORMAT = "dwarf-with-dsym";
				ENABLE_NS_ASSERTIONS = NO;
				ENABLE_STRICT_OBJC_MSGSEND = YES;
				GCC_C_LANGUAGE_STANDARD = gnu99;
				GCC_NO_COMMON_BLOCKS = YES;
				GCC_WARN_64_TO_32_BIT_CONVERSION = YES;
				GCC_WARN_ABOUT_RETURN_TYPE = YES_ERROR;
				GCC_WARN_UNDECLARED_SELECTOR = YES;
				GCC_WARN_UNINITIALIZED_AUTOS = YES_AGGRESSIVE;
				GCC_WARN_UNUSED_FUNCTION = YES;
				GCC_WARN_UNUSED_VARIABLE = YES;
				IPHONEOS_DEPLOYMENT_TARGET = 10.0;
				MTL_ENABLE_DEBUG_INFO = NO;
				SDKROOT = iphoneos;
				SWIFT_OPTIMIZATION_LEVEL = "-Owholemodule";
				VALIDATE_PRODUCT = YES;
			};
			name = Release;
		};
		4F4F8D641E517AE0004B4419 /* Debug */ = {
			isa = XCBuildConfiguration;
			baseConfigurationReference = D1587B5D2676B1EE902098CC /* Pods-UIPSOPEC.debug.xcconfig */;
			buildSettings = {
				ASSETCATALOG_COMPILER_APPICON_NAME = AppIcon;
				CODE_SIGN_IDENTITY = "iPhone Developer";
				DEVELOPMENT_TEAM = ZTCYBXM2DC;
				INFOPLIST_FILE = UIPSOPEC/Info.plist;
				LD_RUNPATH_SEARCH_PATHS = "$(inherited) @executable_path/Frameworks";
				PRODUCT_BUNDLE_IDENTIFIER = SeniorProject.UIPSOPEC;
				PRODUCT_NAME = "$(TARGET_NAME)";
				SWIFT_VERSION = 3.0;
				TARGETED_DEVICE_FAMILY = "1,2";
			};
			name = Debug;
		};
		4F4F8D651E517AE0004B4419 /* Release */ = {
			isa = XCBuildConfiguration;
			baseConfigurationReference = 829F2D6DD9A0C9CFF209E3F8 /* Pods-UIPSOPEC.release.xcconfig */;
			buildSettings = {
				ASSETCATALOG_COMPILER_APPICON_NAME = AppIcon;
				CODE_SIGN_IDENTITY = "iPhone Developer";
				DEVELOPMENT_TEAM = ZTCYBXM2DC;
				INFOPLIST_FILE = UIPSOPEC/Info.plist;
				LD_RUNPATH_SEARCH_PATHS = "$(inherited) @executable_path/Frameworks";
				PRODUCT_BUNDLE_IDENTIFIER = SeniorProject.UIPSOPEC;
				PRODUCT_NAME = "$(TARGET_NAME)";
				SWIFT_VERSION = 3.0;
				TARGETED_DEVICE_FAMILY = "1,2";
			};
			name = Release;
		};
/* End XCBuildConfiguration section */

/* Begin XCConfigurationList section */
		4F4F8D491E517AE0004B4419 /* Build configuration list for PBXProject "UIPSOPEC" */ = {
			isa = XCConfigurationList;
			buildConfigurations = (
				4F4F8D611E517AE0004B4419 /* Debug */,
				4F4F8D621E517AE0004B4419 /* Release */,
			);
			defaultConfigurationIsVisible = 0;
			defaultConfigurationName = Release;
		};
		4F4F8D631E517AE0004B4419 /* Build configuration list for PBXNativeTarget "UIPSOPEC" */ = {
			isa = XCConfigurationList;
			buildConfigurations = (
				4F4F8D641E517AE0004B4419 /* Debug */,
				4F4F8D651E517AE0004B4419 /* Release */,
			);
			defaultConfigurationIsVisible = 0;
			defaultConfigurationName = Release;
		};
/* End XCConfigurationList section */

/* Begin XCVersionGroup section */
		4F4F8D581E517AE0004B4419 /* UIPSOPEC.xcdatamodeld */ = {
			isa = XCVersionGroup;
			children = (
				4F4F8D591E517AE0004B4419 /* UIPSOPEC.xcdatamodel */,
			);
			currentVersion = 4F4F8D591E517AE0004B4419 /* UIPSOPEC.xcdatamodel */;
			path = UIPSOPEC.xcdatamodeld;
			sourceTree = "<group>";
			versionGroupType = wrapper.xcdatamodel;
		};
/* End XCVersionGroup section */
	};
	rootObject = 4F4F8D461E517AE0004B4419 /* Project object */;
}
